#MicroXplorer Configuration settings - do not modify
ADC1.Channel-0\#ChannelRegularConversion=ADC_CHANNEL_4
ADC1.ContinuousConvMode=ENABLE
ADC1.ConversionDataManagement=ADC_CONVERSIONDATA_DMA_CIRCULAR
ADC1.IPParameters=Rank-0\#ChannelRegularConversion,master,Channel-0\#ChannelRegularConversion,SamplingTime-0\#ChannelRegularConversion,OffsetNumber-0\#ChannelRegularConversion,OffsetSignedSaturation-0\#ChannelRegularConversion,NbrOfConversionFlag,Resolution,ContinuousConvMode,Overrun,ConversionDataManagement
ADC1.NbrOfConversionFlag=1
ADC1.OffsetNumber-0\#ChannelRegularConversion=ADC_OFFSET_NONE
ADC1.OffsetSignedSaturation-0\#ChannelRegularConversion=DISABLE
ADC1.Overrun=ADC_OVR_DATA_OVERWRITTEN
ADC1.Rank-0\#ChannelRegularConversion=1
ADC1.Resolution=ADC_RESOLUTION_12B
ADC1.SamplingTime-0\#ChannelRegularConversion=ADC_SAMPLETIME_1CYCLE_5
ADC1.master=1
Bdma.Request0=SPI6_TX
Bdma.RequestsNb=1
Bdma.SPI6_TX.0.Direction=DMA_MEMORY_TO_PERIPH
Bdma.SPI6_TX.0.EventEnable=DISABLE
Bdma.SPI6_TX.0.Instance=BDMA_Channel0
Bdma.SPI6_TX.0.MemDataAlignment=DMA_MDATAALIGN_BYTE
Bdma.SPI6_TX.0.MemInc=DMA_MINC_ENABLE
Bdma.SPI6_TX.0.Mode=DMA_NORMAL
Bdma.SPI6_TX.0.PeriphDataAlignment=DMA_PDATAALIGN_BYTE
Bdma.SPI6_TX.0.PeriphInc=DMA_PINC_DISABLE
Bdma.SPI6_TX.0.Polarity=HAL_DMAMUX_REQ_GEN_RISING
Bdma.SPI6_TX.0.Priority=DMA_PRIORITY_HIGH
Bdma.SPI6_TX.0.RequestNumber=1
Bdma.SPI6_TX.0.RequestParameters=Instance,Direction,PeriphInc,MemInc,PeriphDataAlignment,MemDataAlignment,Mode,Priority,SignalID,Polarity,RequestNumber,SyncSignalID,SyncPolarity,SyncEnable,EventEnable,SyncRequestNumber
Bdma.SPI6_TX.0.SignalID=NONE
Bdma.SPI6_TX.0.SyncEnable=DISABLE
Bdma.SPI6_TX.0.SyncPolarity=HAL_DMAMUX_SYNC_NO_EVENT
Bdma.SPI6_TX.0.SyncRequestNumber=1
Bdma.SPI6_TX.0.SyncSignalID=NONE
CAD.formats=
CAD.pinconfig=
CAD.provider=
CORTEX_M7.CPU_ICache=Enabled
CORTEX_M7.IPParameters=default_mode_Activation,CPU_ICache
CORTEX_M7.default_mode_Activation=1
Dma.ADC1.8.Direction=DMA_PERIPH_TO_MEMORY
Dma.ADC1.8.EventEnable=DISABLE
Dma.ADC1.8.FIFOMode=DMA_FIFOMODE_DISABLE
Dma.ADC1.8.Instance=DMA2_Stream1
Dma.ADC1.8.MemDataAlignment=DMA_MDATAALIGN_HALFWORD
Dma.ADC1.8.MemInc=DMA_MINC_ENABLE
Dma.ADC1.8.Mode=DMA_CIRCULAR
Dma.ADC1.8.PeriphDataAlignment=DMA_PDATAALIGN_HALFWORD
Dma.ADC1.8.PeriphInc=DMA_PINC_DISABLE
Dma.ADC1.8.Polarity=HAL_DMAMUX_REQ_GEN_RISING
Dma.ADC1.8.Priority=DMA_PRIORITY_HIGH
Dma.ADC1.8.RequestNumber=1
Dma.ADC1.8.RequestParameters=Instance,Direction,PeriphInc,MemInc,PeriphDataAlignment,MemDataAlignment,Mode,Priority,FIFOMode,SignalID,Polarity,RequestNumber,SyncSignalID,SyncPolarity,SyncEnable,EventEnable,SyncRequestNumber
Dma.ADC1.8.SignalID=NONE
Dma.ADC1.8.SyncEnable=DISABLE
Dma.ADC1.8.SyncPolarity=HAL_DMAMUX_SYNC_NO_EVENT
Dma.ADC1.8.SyncRequestNumber=1
Dma.ADC1.8.SyncSignalID=NONE
Dma.Request0=USART1_RX
Dma.Request1=USART1_TX
Dma.Request2=UART7_RX
Dma.Request3=UART7_TX
Dma.Request4=USART10_RX
Dma.Request5=USART10_TX
Dma.Request6=UART5_RX
Dma.Request7=SPI2_TX
Dma.Request8=ADC1
Dma.RequestsNb=9
Dma.SPI2_TX.7.Direction=DMA_MEMORY_TO_PERIPH
Dma.SPI2_TX.7.EventEnable=DISABLE
Dma.SPI2_TX.7.FIFOMode=DMA_FIFOMODE_DISABLE
Dma.SPI2_TX.7.Instance=DMA2_Stream0
Dma.SPI2_TX.7.MemDataAlignment=DMA_MDATAALIGN_BYTE
Dma.SPI2_TX.7.MemInc=DMA_MINC_ENABLE
Dma.SPI2_TX.7.Mode=DMA_NORMAL
Dma.SPI2_TX.7.PeriphDataAlignment=DMA_PDATAALIGN_BYTE
Dma.SPI2_TX.7.PeriphInc=DMA_PINC_DISABLE
Dma.SPI2_TX.7.Polarity=HAL_DMAMUX_REQ_GEN_RISING
Dma.SPI2_TX.7.Priority=DMA_PRIORITY_HIGH
Dma.SPI2_TX.7.RequestNumber=1
Dma.SPI2_TX.7.RequestParameters=Instance,Direction,PeriphInc,MemInc,PeriphDataAlignment,MemDataAlignment,Mode,Priority,FIFOMode,SignalID,Polarity,RequestNumber,SyncSignalID,SyncPolarity,SyncEnable,EventEnable,SyncRequestNumber
Dma.SPI2_TX.7.SignalID=NONE
Dma.SPI2_TX.7.SyncEnable=DISABLE
Dma.SPI2_TX.7.SyncPolarity=HAL_DMAMUX_SYNC_NO_EVENT
Dma.SPI2_TX.7.SyncRequestNumber=1
Dma.SPI2_TX.7.SyncSignalID=NONE
Dma.UART5_RX.6.Direction=DMA_PERIPH_TO_MEMORY
Dma.UART5_RX.6.EventEnable=DISABLE
Dma.UART5_RX.6.FIFOMode=DMA_FIFOMODE_DISABLE
Dma.UART5_RX.6.Instance=DMA1_Stream6
Dma.UART5_RX.6.MemDataAlignment=DMA_MDATAALIGN_BYTE
Dma.UART5_RX.6.MemInc=DMA_MINC_ENABLE
Dma.UART5_RX.6.Mode=DMA_CIRCULAR
Dma.UART5_RX.6.PeriphDataAlignment=DMA_PDATAALIGN_BYTE
Dma.UART5_RX.6.PeriphInc=DMA_PINC_DISABLE
Dma.UART5_RX.6.Polarity=HAL_DMAMUX_REQ_GEN_RISING
Dma.UART5_RX.6.Priority=DMA_PRIORITY_VERY_HIGH
Dma.UART5_RX.6.RequestNumber=1
Dma.UART5_RX.6.RequestParameters=Instance,Direction,PeriphInc,MemInc,PeriphDataAlignment,MemDataAlignment,Mode,Priority,FIFOMode,SignalID,Polarity,RequestNumber,SyncSignalID,SyncPolarity,SyncEnable,EventEnable,SyncRequestNumber
Dma.UART5_RX.6.SignalID=NONE
Dma.UART5_RX.6.SyncEnable=DISABLE
Dma.UART5_RX.6.SyncPolarity=HAL_DMAMUX_SYNC_NO_EVENT
Dma.UART5_RX.6.SyncRequestNumber=1
Dma.UART5_RX.6.SyncSignalID=NONE
Dma.UART7_RX.2.Direction=DMA_PERIPH_TO_MEMORY
Dma.UART7_RX.2.EventEnable=DISABLE
Dma.UART7_RX.2.FIFOMode=DMA_FIFOMODE_DISABLE
Dma.UART7_RX.2.Instance=DMA1_Stream2
Dma.UART7_RX.2.MemDataAlignment=DMA_MDATAALIGN_BYTE
Dma.UART7_RX.2.MemInc=DMA_MINC_ENABLE
Dma.UART7_RX.2.Mode=DMA_CIRCULAR
Dma.UART7_RX.2.PeriphDataAlignment=DMA_PDATAALIGN_BYTE
Dma.UART7_RX.2.PeriphInc=DMA_PINC_DISABLE
Dma.UART7_RX.2.Polarity=HAL_DMAMUX_REQ_GEN_RISING
Dma.UART7_RX.2.Priority=DMA_PRIORITY_MEDIUM
Dma.UART7_RX.2.RequestNumber=1
Dma.UART7_RX.2.RequestParameters=Instance,Direction,PeriphInc,MemInc,PeriphDataAlignment,MemDataAlignment,Mode,Priority,FIFOMode,SignalID,Polarity,RequestNumber,SyncSignalID,SyncPolarity,SyncEnable,EventEnable,SyncRequestNumber
Dma.UART7_RX.2.SignalID=NONE
Dma.UART7_RX.2.SyncEnable=DISABLE
Dma.UART7_RX.2.SyncPolarity=HAL_DMAMUX_SYNC_NO_EVENT
Dma.UART7_RX.2.SyncRequestNumber=1
Dma.UART7_RX.2.SyncSignalID=NONE
Dma.UART7_TX.3.Direction=DMA_MEMORY_TO_PERIPH
Dma.UART7_TX.3.EventEnable=DISABLE
Dma.UART7_TX.3.FIFOMode=DMA_FIFOMODE_DISABLE
Dma.UART7_TX.3.Instance=DMA1_Stream3
Dma.UART7_TX.3.MemDataAlignment=DMA_MDATAALIGN_BYTE
Dma.UART7_TX.3.MemInc=DMA_MINC_ENABLE
Dma.UART7_TX.3.Mode=DMA_NORMAL
Dma.UART7_TX.3.PeriphDataAlignment=DMA_PDATAALIGN_BYTE
Dma.UART7_TX.3.PeriphInc=DMA_PINC_DISABLE
Dma.UART7_TX.3.Polarity=HAL_DMAMUX_REQ_GEN_RISING
Dma.UART7_TX.3.Priority=DMA_PRIORITY_HIGH
Dma.UART7_TX.3.RequestNumber=1
Dma.UART7_TX.3.RequestParameters=Instance,Direction,PeriphInc,MemInc,PeriphDataAlignment,MemDataAlignment,Mode,Priority,FIFOMode,SignalID,Polarity,RequestNumber,SyncSignalID,SyncPolarity,SyncEnable,EventEnable,SyncRequestNumber
Dma.UART7_TX.3.SignalID=NONE
Dma.UART7_TX.3.SyncEnable=DISABLE
Dma.UART7_TX.3.SyncPolarity=HAL_DMAMUX_SYNC_NO_EVENT
Dma.UART7_TX.3.SyncRequestNumber=1
Dma.UART7_TX.3.SyncSignalID=NONE
Dma.USART10_RX.4.Direction=DMA_PERIPH_TO_MEMORY
Dma.USART10_RX.4.EventEnable=DISABLE
Dma.USART10_RX.4.FIFOMode=DMA_FIFOMODE_DISABLE
Dma.USART10_RX.4.Instance=DMA1_Stream4
Dma.USART10_RX.4.MemDataAlignment=DMA_MDATAALIGN_BYTE
Dma.USART10_RX.4.MemInc=DMA_MINC_ENABLE
Dma.USART10_RX.4.Mode=DMA_CIRCULAR
Dma.USART10_RX.4.PeriphDataAlignment=DMA_PDATAALIGN_BYTE
Dma.USART10_RX.4.PeriphInc=DMA_PINC_DISABLE
Dma.USART10_RX.4.Polarity=HAL_DMAMUX_REQ_GEN_RISING
Dma.USART10_RX.4.Priority=DMA_PRIORITY_MEDIUM
Dma.USART10_RX.4.RequestNumber=1
Dma.USART10_RX.4.RequestParameters=Instance,Direction,PeriphInc,MemInc,PeriphDataAlignment,MemDataAlignment,Mode,Priority,FIFOMode,SignalID,Polarity,RequestNumber,SyncSignalID,SyncPolarity,SyncEnable,EventEnable,SyncRequestNumber
Dma.USART10_RX.4.SignalID=NONE
Dma.USART10_RX.4.SyncEnable=DISABLE
Dma.USART10_RX.4.SyncPolarity=HAL_DMAMUX_SYNC_NO_EVENT
Dma.USART10_RX.4.SyncRequestNumber=1
Dma.USART10_RX.4.SyncSignalID=NONE
Dma.USART10_TX.5.Direction=DMA_MEMORY_TO_PERIPH
Dma.USART10_TX.5.EventEnable=DISABLE
Dma.USART10_TX.5.FIFOMode=DMA_FIFOMODE_DISABLE
Dma.USART10_TX.5.Instance=DMA1_Stream5
Dma.USART10_TX.5.MemDataAlignment=DMA_MDATAALIGN_BYTE
Dma.USART10_TX.5.MemInc=DMA_MINC_ENABLE
Dma.USART10_TX.5.Mode=DMA_NORMAL
Dma.USART10_TX.5.PeriphDataAlignment=DMA_PDATAALIGN_BYTE
Dma.USART10_TX.5.PeriphInc=DMA_PINC_DISABLE
Dma.USART10_TX.5.Polarity=HAL_DMAMUX_REQ_GEN_RISING
Dma.USART10_TX.5.Priority=DMA_PRIORITY_HIGH
Dma.USART10_TX.5.RequestNumber=1
Dma.USART10_TX.5.RequestParameters=Instance,Direction,PeriphInc,MemInc,PeriphDataAlignment,MemDataAlignment,Mode,Priority,FIFOMode,SignalID,Polarity,RequestNumber,SyncSignalID,SyncPolarity,SyncEnable,EventEnable,SyncRequestNumber
Dma.USART10_TX.5.SignalID=NONE
Dma.USART10_TX.5.SyncEnable=DISABLE
Dma.USART10_TX.5.SyncPolarity=HAL_DMAMUX_SYNC_NO_EVENT
Dma.USART10_TX.5.SyncRequestNumber=1
Dma.USART10_TX.5.SyncSignalID=NONE
Dma.USART1_RX.0.Direction=DMA_PERIPH_TO_MEMORY
Dma.USART1_RX.0.EventEnable=DISABLE
Dma.USART1_RX.0.FIFOMode=DMA_FIFOMODE_DISABLE
Dma.USART1_RX.0.Instance=DMA1_Stream0
Dma.USART1_RX.0.MemDataAlignment=DMA_MDATAALIGN_BYTE
Dma.USART1_RX.0.MemInc=DMA_MINC_ENABLE
Dma.USART1_RX.0.Mode=DMA_CIRCULAR
Dma.USART1_RX.0.PeriphDataAlignment=DMA_PDATAALIGN_BYTE
Dma.USART1_RX.0.PeriphInc=DMA_PINC_DISABLE
Dma.USART1_RX.0.Polarity=HAL_DMAMUX_REQ_GEN_RISING
Dma.USART1_RX.0.Priority=DMA_PRIORITY_MEDIUM
Dma.USART1_RX.0.RequestNumber=1
Dma.USART1_RX.0.RequestParameters=Instance,Direction,PeriphInc,MemInc,PeriphDataAlignment,MemDataAlignment,Mode,Priority,FIFOMode,SignalID,Polarity,RequestNumber,SyncSignalID,SyncPolarity,SyncEnable,EventEnable,SyncRequestNumber
Dma.USART1_RX.0.SignalID=NONE
Dma.USART1_RX.0.SyncEnable=DISABLE
Dma.USART1_RX.0.SyncPolarity=HAL_DMAMUX_SYNC_NO_EVENT
Dma.USART1_RX.0.SyncRequestNumber=1
Dma.USART1_RX.0.SyncSignalID=NONE
Dma.USART1_TX.1.Direction=DMA_MEMORY_TO_PERIPH
Dma.USART1_TX.1.EventEnable=DISABLE
Dma.USART1_TX.1.FIFOMode=DMA_FIFOMODE_DISABLE
Dma.USART1_TX.1.Instance=DMA1_Stream1
Dma.USART1_TX.1.MemDataAlignment=DMA_MDATAALIGN_BYTE
Dma.USART1_TX.1.MemInc=DMA_MINC_ENABLE
Dma.USART1_TX.1.Mode=DMA_NORMAL
Dma.USART1_TX.1.PeriphDataAlignment=DMA_PDATAALIGN_BYTE
Dma.USART1_TX.1.PeriphInc=DMA_PINC_DISABLE
Dma.USART1_TX.1.Polarity=HAL_DMAMUX_REQ_GEN_RISING
Dma.USART1_TX.1.Priority=DMA_PRIORITY_HIGH
Dma.USART1_TX.1.RequestNumber=1
Dma.USART1_TX.1.RequestParameters=Instance,Direction,PeriphInc,MemInc,PeriphDataAlignment,MemDataAlignment,Mode,Priority,FIFOMode,SignalID,Polarity,RequestNumber,SyncSignalID,SyncPolarity,SyncEnable,EventEnable,SyncRequestNumber
Dma.USART1_TX.1.SignalID=NONE
Dma.USART1_TX.1.SyncEnable=DISABLE
Dma.USART1_TX.1.SyncPolarity=HAL_DMAMUX_SYNC_NO_EVENT
Dma.USART1_TX.1.SyncRequestNumber=1
Dma.USART1_TX.1.SyncSignalID=NONE
FDCAN1.AutoRetransmission=ENABLE
FDCAN1.CalculateBaudRateNominal=1000000
FDCAN1.CalculateTimeBitNominal=1000
FDCAN1.CalculateTimeQuantumNominal=62.5
FDCAN1.ExtFiltersNbr=8
FDCAN1.IPParameters=CalculateTimeQuantumNominal,CalculateTimeBitNominal,CalculateBaudRateNominal,AutoRetransmission,NominalSyncJumpWidth,StdFiltersNbr,ExtFiltersNbr,RxFifo0ElmtsNbr,TxEventsNbr,TxFifoQueueElmtsNbr,NominalPrescaler,NominalTimeSeg1,NominalTimeSeg2
FDCAN1.NominalPrescaler=5
FDCAN1.NominalSyncJumpWidth=2
FDCAN1.NominalTimeSeg1=13
FDCAN1.NominalTimeSeg2=2
FDCAN1.RxFifo0ElmtsNbr=32
FDCAN1.StdFiltersNbr=16
FDCAN1.TxEventsNbr=8
FDCAN1.TxFifoQueueElmtsNbr=16
FDCAN2.AutoRetransmission=ENABLE
FDCAN2.CalculateBaudRateNominal=1000000
FDCAN2.CalculateTimeBitNominal=1000
FDCAN2.CalculateTimeQuantumNominal=62.5
FDCAN2.ExtFiltersNbr=8
FDCAN2.IPParameters=CalculateTimeQuantumNominal,CalculateTimeBitNominal,CalculateBaudRateNominal,NominalSyncJumpWidth,MessageRAMOffset,StdFiltersNbr,ExtFiltersNbr,RxFifo0ElmtsNbr,TxEventsNbr,TxFifoQueueElmtsNbr,NominalPrescaler,NominalTimeSeg1,NominalTimeSeg2,AutoRetransmission
FDCAN2.MessageRAMOffset=256
FDCAN2.NominalPrescaler=5
FDCAN2.NominalSyncJumpWidth=2
FDCAN2.NominalTimeSeg1=13
FDCAN2.NominalTimeSeg2=2
FDCAN2.RxFifo0ElmtsNbr=32
FDCAN2.StdFiltersNbr=16
FDCAN2.TxEventsNbr=8
FDCAN2.TxFifoQueueElmtsNbr=16
FDCAN3.AutoRetransmission=ENABLE
FDCAN3.CalculateBaudRateNominal=1000000
FDCAN3.CalculateTimeBitNominal=1000
FDCAN3.CalculateTimeQuantumNominal=62.5
FDCAN3.ExtFiltersNbr=8
FDCAN3.IPParameters=CalculateTimeQuantumNominal,CalculateTimeBitNominal,CalculateBaudRateNominal,NominalSyncJumpWidth,MessageRAMOffset,StdFiltersNbr,ExtFiltersNbr,RxFifo0ElmtsNbr,TxEventsNbr,TxFifoQueueElmtsNbr,NominalPrescaler,NominalTimeSeg1,NominalTimeSeg2,AutoRetransmission,TransmitPause
FDCAN3.MessageRAMOffset=512
FDCAN3.NominalPrescaler=5
FDCAN3.NominalSyncJumpWidth=2
FDCAN3.NominalTimeSeg1=13
FDCAN3.NominalTimeSeg2=2
FDCAN3.RxFifo0ElmtsNbr=32
FDCAN3.StdFiltersNbr=16
FDCAN3.TransmitPause=DISABLE
FDCAN3.TxEventsNbr=8
FDCAN3.TxFifoQueueElmtsNbr=16
FREERTOS.FootprintOK=true
FREERTOS.IPParameters=Tasks01,configENABLE_FPU,configTOTAL_HEAP_SIZE,configUSE_MALLOC_FAILED_HOOK,configCHECK_FOR_STACK_OVERFLOW,configUSE_STATS_FORMATTING_FUNCTIONS,FootprintOK
FREERTOS.Tasks01=sensor,40,128,seneor_task_entry,Default,NULL,Dynamic,NULL,NULL;printf,24,256,printf_entry,Default,NULL,Dynamic,NULL,NULL;usb,40,256,usb_entry,Default,NULL,Dynamic,NULL,NULL;test,40,256,test_task_entry,Default,NULL,Dynamic,NULL,NULL;servo,40,256,servo_entry,Default,NULL,Dynamic,NULL,NULL;vacuum,8,128,vacuum_entry,Default,NULL,Dynamic,NULL,NULL;motor,16,128,motor_entry,Default,NULL,Dynamic,NULL,NULL;uart_task,40,256,uart_entry,Default,NULL,Dynamic,NULL,NULL
FREERTOS.configCHECK_FOR_STACK_OVERFLOW=2
FREERTOS.configENABLE_FPU=1
FREERTOS.configTOTAL_HEAP_SIZE=32768
FREERTOS.configUSE_MALLOC_FAILED_HOOK=1
FREERTOS.configUSE_STATS_FORMATTING_FUNCTIONS=1
File.Version=6
GPIO.groupedBy=Group By Peripherals
KeepUserPlacement=false
MMTAppRegionsCount=0
MMTConfigApplied=false
MMTSectionSuffix=
Mcu.CPN=STM32H723VGT6
Mcu.Family=STM32H7
Mcu.IP0=ADC1
Mcu.IP1=BDMA
Mcu.IP10=NVIC
Mcu.IP11=RCC
Mcu.IP12=SPI2
Mcu.IP13=SPI6
Mcu.IP14=SYS
Mcu.IP15=TIM1
Mcu.IP16=TIM2
Mcu.IP17=TIM3
Mcu.IP18=TIM12
Mcu.IP19=UART5
Mcu.IP2=CORTEX_M7
Mcu.IP20=UART7
Mcu.IP21=USART1
Mcu.IP22=USART10
Mcu.IP23=USB_DEVICE
Mcu.IP24=USB_OTG_HS
Mcu.IP3=DEBUG
Mcu.IP4=DMA
Mcu.IP5=FDCAN1
Mcu.IP6=FDCAN2
Mcu.IP7=FDCAN3
Mcu.IP8=FREERTOS
Mcu.IP9=MEMORYMAP
Mcu.IPNb=25
Mcu.Name=STM32H723VGTx
Mcu.Package=LQFP100
Mcu.Pin0=PE2
Mcu.Pin1=PE3
Mcu.Pin10=PC3_C
Mcu.Pin11=PA0
Mcu.Pin12=PA2
Mcu.Pin13=PA5
Mcu.Pin14=PA7
Mcu.Pin15=PC4
Mcu.Pin16=PB1
Mcu.Pin17=PE8
Mcu.Pin18=PE9
Mcu.Pin19=PE10
Mcu.Pin2=PC13
Mcu.Pin20=PE12
Mcu.Pin21=PE13
Mcu.Pin22=PB13
Mcu.Pin23=PB15
Mcu.Pin24=PD12
Mcu.Pin25=PD13
Mcu.Pin26=PA9
Mcu.Pin27=PA10
Mcu.Pin28=PA11
Mcu.Pin29=PA12
Mcu.Pin3=PC14-OSC32_IN
Mcu.Pin30=PA13(JTMS/SWDIO)
Mcu.Pin31=PA14(JTCK/SWCLK)
Mcu.Pin32=PA15(JTDI)
Mcu.Pin33=PC12
Mcu.Pin34=PD0
Mcu.Pin35=PD1
Mcu.Pin36=PD2
Mcu.Pin37=PB5
Mcu.Pin38=PB6
Mcu.Pin39=VP_FREERTOS_VS_CMSIS_V2
Mcu.Pin4=PC15-OSC32_OUT
Mcu.Pin40=VP_SYS_VS_tim6
Mcu.Pin41=VP_TIM1_VS_ClockSourceINT
Mcu.Pin42=VP_TIM2_VS_ClockSourceINT
Mcu.Pin43=VP_TIM3_VS_ClockSourceINT
Mcu.Pin44=VP_TIM12_VS_ClockSourceINT
Mcu.Pin45=VP_USB_DEVICE_VS_USB_DEVICE_CDC_HS
Mcu.Pin46=VP_MEMORYMAP_VS_MEMORYMAP
Mcu.Pin5=PH0-OSC_IN
Mcu.Pin6=PH1-OSC_OUT
Mcu.Pin7=PC0
Mcu.Pin8=PC1
Mcu.Pin9=PC2_C
Mcu.PinsNb=47
Mcu.ThirdPartyNb=0
Mcu.UserConstants=
Mcu.UserName=STM32H723VGTx
MxCube.Version=6.18.0
MxDb.Version=DB.6.0.180
NVIC.BDMA_Channel0_IRQn=true\:5\:0\:false\:false\:true\:true\:false\:true\:true
NVIC.BusFault_IRQn=true\:0\:0\:false\:false\:true\:false\:false\:false\:false
NVIC.DMA1_Stream0_IRQn=true\:5\:0\:false\:false\:true\:true\:false\:true\:true
NVIC.DMA1_Stream1_IRQn=true\:5\:0\:false\:false\:true\:true\:false\:true\:true
NVIC.DMA1_Stream2_IRQn=true\:5\:0\:false\:false\:true\:true\:false\:true\:true
NVIC.DMA1_Stream3_IRQn=true\:5\:0\:false\:false\:true\:true\:false\:true\:true
NVIC.DMA1_Stream4_IRQn=true\:5\:0\:false\:false\:true\:true\:false\:true\:true
NVIC.DMA1_Stream5_IRQn=true\:5\:0\:false\:false\:true\:true\:false\:true\:true
NVIC.DMA1_Stream6_IRQn=true\:5\:0\:false\:false\:true\:true\:false\:true\:true
NVIC.DMA2_Stream0_IRQn=true\:5\:0\:false\:false\:true\:true\:false\:true\:true
NVIC.DMA2_Stream1_IRQn=true\:5\:0\:false\:false\:true\:true\:false\:true\:true
NVIC.DebugMonitor_IRQn=true\:0\:0\:false\:false\:true\:false\:false\:false\:false
NVIC.EXTI15_10_IRQn=true\:5\:0\:false\:false\:true\:true\:true\:true\:true
NVIC.ForceEnableDMAVector=true
NVIC.HardFault_IRQn=true\:0\:0\:false\:false\:true\:false\:false\:false\:false
NVIC.MemoryManagement_IRQn=true\:0\:0\:false\:false\:true\:false\:false\:false\:false
NVIC.NonMaskableInt_IRQn=true\:0\:0\:false\:false\:true\:false\:false\:false\:false
NVIC.OTG_HS_IRQn=true\:5\:0\:false\:false\:true\:true\:true\:true\:true
NVIC.PendSV_IRQn=true\:15\:0\:false\:false\:false\:true\:false\:false\:false
NVIC.PriorityGroup=NVIC_PRIORITYGROUP_4
NVIC.SPI2_IRQn=true\:5\:0\:false\:false\:true\:true\:false\:true\:true
NVIC.SPI6_IRQn=true\:5\:0\:false\:false\:true\:true\:false\:true\:true
NVIC.SVCall_IRQn=true\:0\:0\:false\:false\:false\:false\:false\:false\:false
NVIC.SavedPendsvIrqHandlerGenerated=true
NVIC.SavedSvcallIrqHandlerGenerated=true
NVIC.SavedSystickIrqHandlerGenerated=true
NVIC.SysTick_IRQn=true\:15\:0\:false\:false\:false\:true\:false\:true\:false
NVIC.TIM6_DAC_IRQn=true\:15\:0\:false\:false\:true\:false\:false\:true\:true
NVIC.TimeBase=TIM6_DAC_IRQn
NVIC.TimeBaseIP=TIM6
NVIC.UART5_IRQn=true\:5\:0\:false\:false\:true\:true\:true\:true\:true
NVIC.UART7_IRQn=true\:5\:0\:false\:false\:true\:true\:false\:true\:true
NVIC.USART10_IRQn=true\:5\:0\:false\:false\:true\:true\:false\:true\:true
NVIC.USART1_IRQn=true\:5\:0\:false\:false\:true\:true\:false\:true\:true
NVIC.UsageFault_IRQn=true\:0\:0\:false\:false\:true\:false\:false\:false\:false
PA0.GPIOParameters=GPIO_Speed
PA0.GPIO_Speed=GPIO_SPEED_FREQ_VERY_HIGH
PA0.Signal=S_TIM2_CH1_ETR
PA10.Locked=true
PA10.Mode=Asynchronous
PA10.Signal=USART1_RX
PA11.Mode=Device_Only_FS
PA11.Signal=USB_OTG_HS_DM
PA12.Mode=Device_Only_FS
PA12.Signal=USB_OTG_HS_DP
PA13(JTMS/SWDIO).Mode=Serial_Wire
PA13(JTMS/SWDIO).Signal=DEBUG_JTMS-SWDIO
PA14(JTCK/SWCLK).Mode=Serial_Wire
PA14(JTCK/SWCLK).Signal=DEBUG_JTCK-SWCLK
PA15(JTDI).GPIOParameters=GPIO_PuPd,GPIO_Label,GPIO_ModeDefaultEXTI
PA15(JTDI).GPIO_Label=USER_KEY
PA15(JTDI).GPIO_ModeDefaultEXTI=GPIO_MODE_IT_FALLING
PA15(JTDI).GPIO_PuPd=GPIO_NOPULL
PA15(JTDI).Locked=true
PA15(JTDI).Signal=GPXTI15
PA2.GPIOParameters=GPIO_Speed
PA2.GPIO_Speed=GPIO_SPEED_FREQ_VERY_HIGH
PA2.Locked=true
PA2.Signal=S_TIM2_CH3
PA5.Mode=TX_Only_Simplex_Unidirect_Master
PA5.Signal=SPI6_SCK
PA7.GPIOParameters=GPIO_Speed
PA7.GPIO_Speed=GPIO_SPEED_FREQ_VERY_HIGH
PA7.Mode=TX_Only_Simplex_Unidirect_Master
PA7.Signal=SPI6_MOSI
PA9.Locked=true
PA9.Mode=Asynchronous
PA9.Signal=USART1_TX
PB1.Locked=true
PB1.Signal=GPIO_Output
PB13.Locked=true
PB13.Mode=Full_Duplex_Master
PB13.Signal=SPI2_SCK
PB15.Locked=true
PB15.Signal=S_TIM12_CH2
PB5.Locked=true
PB5.Mode=FDCAN_Activate
PB5.Signal=FDCAN2_RX
PB6.Locked=true
PB6.Mode=FDCAN_Activate
PB6.Signal=FDCAN2_TX
PC0.GPIOParameters=GPIO_Speed,PinState,GPIO_Label,GPIO_ModeDefaultOutputPP
PC0.GPIO_Label=BMI088_ACC_CS
PC0.GPIO_ModeDefaultOutputPP=GPIO_MODE_OUTPUT_PP
PC0.GPIO_Speed=GPIO_SPEED_FREQ_HIGH
PC0.Locked=true
PC0.PinState=GPIO_PIN_SET
PC0.Signal=GPIO_Output
PC1.Mode=Full_Duplex_Master
PC1.Signal=SPI2_MOSI
PC12.Locked=true
PC12.Mode=Asynchronous
PC12.Signal=UART5_TX
PC13.GPIOParameters=GPIO_PuPd,GPIO_Label
PC13.GPIO_Label=POWER_OUT2_EN
PC13.GPIO_PuPd=GPIO_NOPULL
PC13.Locked=true
PC13.Signal=GPIO_Output
PC14-OSC32_IN.GPIOParameters=GPIO_Label
PC14-OSC32_IN.GPIO_Label=POWER_OUT1_EN
PC14-OSC32_IN.Locked=true
PC14-OSC32_IN.Signal=GPIO_Output
PC15-OSC32_OUT.GPIOParameters=GPIO_Label
PC15-OSC32_OUT.GPIO_Label=POWER_5V_EN
PC15-OSC32_OUT.Locked=true
PC15-OSC32_OUT.Signal=GPIO_Output
PC2_C.Mode=Full_Duplex_Master
PC2_C.Signal=SPI2_MISO
PC3_C.GPIOParameters=GPIO_Speed,PinState,GPIO_Label
PC3_C.GPIO_Label=BMI088_GYRO_CS
PC3_C.GPIO_Speed=GPIO_SPEED_FREQ_VERY_HIGH
PC3_C.Locked=true
PC3_C.PinState=GPIO_PIN_SET
PC3_C.Signal=GPIO_Output
PC4.Locked=true
PC4.Signal=ADCx_INP4
PD0.Locked=true
PD0.Mode=FDCAN_Activate
PD0.Signal=FDCAN1_RX
PD1.Mode=FDCAN_Activate
PD1.Signal=FDCAN1_TX
PD12.Mode=FDCAN_Activate
PD12.Signal=FDCAN3_RX
PD13.Locked=true
PD13.Mode=FDCAN_Activate
PD13.Signal=FDCAN3_TX
PD2.Locked=true
PD2.Mode=Asynchronous
PD2.Signal=UART5_RX
PE10.GPIOParameters=GPIO_Label
PE10.GPIO_Label=BMI088_ACC_INT
PE10.Locked=true
PE10.Signal=GPIO_Input
PE12.GPIOParameters=GPIO_Label
PE12.GPIO_Label=BMI088_GYRO_INT
PE12.Locked=true
PE12.Signal=GPIO_Input
PE13.Locked=true
PE13.Signal=S_TIM1_CH3
PE2.Mode=Asynchronous
PE2.Signal=USART10_RX
PE3.Mode=Asynchronous
PE3.Signal=USART10_TX
PE8.Mode=Half_duplex(single_wire_mode)
PE8.Signal=UART7_TX
PE9.Locked=true
PE9.Signal=S_TIM1_CH1
PH0-OSC_IN.Mode=HSE-External-Oscillator
PH0-OSC_IN.Signal=RCC_OSC_IN
PH1-OSC_OUT.Mode=HSE-External-Oscillator
PH1-OSC_OUT.Signal=RCC_OSC_OUT
PinOutPanel.RotationAngle=0
ProjectManager.AskForMigrate=true
ProjectManager.BackupPrevious=false
ProjectManager.CompilerLinker=GCC
ProjectManager.CompilerOptimize=6
ProjectManager.ComputerToolchain=false
ProjectManager.CoupleFile=true
ProjectManager.CustomerFirmwarePackage=
ProjectManager.DefaultFWLocation=true
ProjectManager.DeletePrevious=true
ProjectManager.DeviceId=STM32H723VGTx
ProjectManager.FirmwarePackage=STM32Cube FW_H7 V1.13.0
ProjectManager.FreePins=true
ProjectManager.FreePinsContext=
ProjectManager.HalAssertFull=false
ProjectManager.HeapSize=0x200
ProjectManager.KeepUserCode=true
ProjectManager.LastFirmware=true
ProjectManager.LibraryCopy=0
ProjectManager.MainLocation=Core/Src
ProjectManager.NoMain=true
ProjectManager.PreviousToolchain=
ProjectManager.ProjectBuild=false
ProjectManager.ProjectFileName=low_down.ioc
ProjectManager.ProjectName=low_down
ProjectManager.ProjectStructure=
ProjectManager.RegisterCallBack=
ProjectManager.StackSize=0x400
ProjectManager.TargetToolchain=CMake
ProjectManager.ToolChainLocation=
ProjectManager.UAScriptAfterPath=
ProjectManager.UAScriptBeforePath=
ProjectManager.UnderRoot=false
ProjectManager.functionlistsort=1-SystemClock_Config-RCC-false-HAL-false,2-MX_GPIO_Init-GPIO-false-HAL-true,3-MX_DMA_Init-DMA-false-HAL-true,4-MX_BDMA_Init-BDMA-false-HAL-true,5-MX_UART7_Init-UART7-false-HAL-true,6-MX_USART10_UART_Init-USART10-false-HAL-true,7-MX_USART1_UART_Init-USART1-false-HAL-true,8-MX_FDCAN1_Init-FDCAN1-false-HAL-true,9-MX_FDCAN2_Init-FDCAN2-false-HAL-true,10-MX_FDCAN3_Init-FDCAN3-false-HAL-true,11-MX_SPI6_Init-SPI6-false-HAL-true,12-MX_TIM1_Init-TIM1-false-HAL-true,13-MX_TIM2_Init-TIM2-false-HAL-true,14-MX_UART5_Init-UART5-false-HAL-true,15-MX_SPI2_Init-SPI2-false-HAL-true,16-MX_TIM12_Init-TIM12-false-HAL-true,17-MX_ADC1_Init-ADC1-false-HAL-true,18-MX_TIM3_Init-TIM3-false-HAL-true,19-MX_USB_DEVICE_Init-USB_DEVICE-false-HAL-false,0-MX_CORTEX_M7_Init-CORTEX_M7-false-HAL-true
RCC.ADCFreq_Value=160000000
RCC.AHB12Freq_Value=275000000
RCC.AHB4Freq_Value=275000000
RCC.APB1Freq_Value=137500000
RCC.APB2Freq_Value=137500000
RCC.APB3Freq_Value=137500000
RCC.APB4Freq_Value=137500000
RCC.AXIClockFreq_Value=275000000
RCC.CECFreq_Value=32000
RCC.CKPERFreq_Value=64000000
RCC.CortexFreq_Value=550000000
RCC.CpuClockFreq_Value=550000000
RCC.D1CPREFreq_Value=550000000
RCC.D1PPRE=RCC_APB3_DIV2
RCC.D2PPRE1=RCC_APB1_DIV2
RCC.D2PPRE2=RCC_APB2_DIV2
RCC.D3PPRE=RCC_APB4_DIV2
RCC.DFSDMACLkFreq_Value=110000000
RCC.DFSDMFreq_Value=137500000
RCC.DIVM1=12
RCC.DIVM2=12
RCC.DIVM3=12
RCC.DIVN1=275
RCC.DIVN2=160
RCC.DIVN3=120
RCC.DIVP1=1
RCC.DIVP1Freq_Value=550000000
RCC.DIVP2Freq_Value=160000000
RCC.DIVP3=3
RCC.DIVP3Freq_Value=80000000
RCC.DIVQ1=5
RCC.DIVQ1Freq_Value=110000000
RCC.DIVQ2=4
RCC.DIVQ2Freq_Value=80000000
RCC.DIVQ3=5
RCC.DIVQ3Freq_Value=48000000
RCC.DIVR1Freq_Value=275000000
RCC.DIVR2Freq_Value=160000000
RCC.DIVR3Freq_Value=120000000
RCC.FDCANCLockSelection=RCC_FDCANCLKSOURCE_PLL2
RCC.FDCANFreq_Value=80000000
RCC.FMCFreq_Value=275000000
RCC.FamilyName=M
RCC.HCLK3ClockFreq_Value=275000000
RCC.HCLKFreq_Value=275000000
RCC.HPRE=RCC_HCLK_DIV2
RCC.HSE_VALUE=24000000
RCC.I2C123Freq_Value=137500000
RCC.I2C4Freq_Value=137500000
RCC.IPParameters=ADCFreq_Value,AHB12Freq_Value,AHB4Freq_Value,APB1Freq_Value,APB2Freq_Value,APB3Freq_Value,APB4Freq_Value,AXIClockFreq_Value,CECFreq_Value,CKPERFreq_Value,CortexFreq_Value,CpuClockFreq_Value,D1CPREFreq_Value,D1PPRE,D2PPRE1,D2PPRE2,D3PPRE,DFSDMACLkFreq_Value,DFSDMFreq_Value,DIVM1,DIVM2,DIVM3,DIVN1,DIVN2,DIVN3,DIVP1,DIVP1Freq_Value,DIVP2Freq_Value,DIVP3,DIVP3Freq_Value,DIVQ1,DIVQ1Freq_Value,DIVQ2,DIVQ2Freq_Value,DIVQ3,DIVQ3Freq_Value,DIVR1Freq_Value,DIVR2Freq_Value,DIVR3Freq_Value,FDCANCLockSelection,FDCANFreq_Value,FMCFreq_Value,FamilyName,HCLK3ClockFreq_Value,HCLKFreq_Value,HPRE,HSE_VALUE,I2C123Freq_Value,I2C4Freq_Value,LPTIM1Freq_Value,LPTIM2Freq_Value,LPTIM345Freq_Value,LPUART1Freq_Value,LTDCFreq_Value,MCO1PinFreq_Value,MCO2PinFreq_Value,PLL1_VCI_Range-AdvancedSettings,PLL2FRACN,PLL3FRACN,PLLFRACN,PLLSourceVirtual,QSPIFreq_Value,RNGFreq_Value,RTCFreq_Value,SAI1Freq_Value,SAI4AFreq_Value,SAI4BFreq_Value,SDMMCFreq_Value,SPDIFRXFreq_Value,SPI123CLockSelection,SPI123Freq_Value,SPI45Freq_Value,SPI6CLockSelection,SPI6Freq_Value,SWPMI1Freq_Value,SYSCLKFreq_VALUE,SYSCLKSource,Tim1OutputFreq_Value,Tim2OutputFreq_Value,TraceFreq_Value,USART16Freq_Value,USART234578Freq_Value,USBCLockSelection,USBFreq_Value,VCO1OutputFreq_Value,VCO2OutputFreq_Value,VCO3OutputFreq_Value,VCOInput1Freq_Value,VCOInput2Freq_Value,VCOInput3Freq_Value
RCC.LPTIM1Freq_Value=137500000
RCC.LPTIM2Freq_Value=137500000
RCC.LPTIM345Freq_Value=137500000
RCC.LPUART1Freq_Value=137500000
RCC.LTDCFreq_Value=120000000
RCC.MCO1PinFreq_Value=64000000
RCC.MCO2PinFreq_Value=550000000
RCC.PLL1_VCI_Range-AdvancedSettings=RCC_PLL1VCIRANGE_3
RCC.PLL2FRACN=0
RCC.PLL3FRACN=0
RCC.PLLFRACN=0
RCC.PLLSourceVirtual=RCC_PLLSOURCE_HSE
RCC.QSPIFreq_Value=275000000
RCC.RNGFreq_Value=48000000
RCC.RTCFreq_Value=32000
RCC.SAI1Freq_Value=110000000
RCC.SAI4AFreq_Value=110000000
RCC.SAI4BFreq_Value=110000000
RCC.SDMMCFreq_Value=110000000
RCC.SPDIFRXFreq_Value=110000000
RCC.SPI123CLockSelection=RCC_SPI123CLKSOURCE_PLL3
RCC.SPI123Freq_Value=80000000
RCC.SPI45Freq_Value=137500000
RCC.SPI6CLockSelection=RCC_SPI6CLKSOURCE_PLL2
RCC.SPI6Freq_Value=80000000
RCC.SWPMI1Freq_Value=137500000
RCC.SYSCLKFreq_VALUE=550000000
RCC.SYSCLKSource=RCC_SYSCLKSOURCE_PLLCLK
RCC.Tim1OutputFreq_Value=275000000
RCC.Tim2OutputFreq_Value=275000000
RCC.TraceFreq_Value=275000000
RCC.USART16Freq_Value=137500000
RCC.USART234578Freq_Value=137500000
RCC.USBCLockSelection=RCC_USBCLKSOURCE_PLL3
RCC.USBFreq_Value=48000000
RCC.VCO1OutputFreq_Value=550000000
RCC.VCO2OutputFreq_Value=320000000
RCC.VCO3OutputFreq_Value=240000000
RCC.VCOInput1Freq_Value=2000000
RCC.VCOInput2Freq_Value=2000000
RCC.VCOInput3Freq_Value=2000000
SH.ADCx_INP4.0=ADC1_INP4,IN4-Single-Ended
SH.ADCx_INP4.ConfNb=1
SH.GPXTI15.0=GPIO_EXTI15
SH.GPXTI15.ConfNb=1
SH.S_TIM12_CH2.0=TIM12_CH2,PWM Generation2 CH2
SH.S_TIM12_CH2.ConfNb=1
SH.S_TIM1_CH1.0=TIM1_CH1,PWM Generation1 CH1
SH.S_TIM1_CH1.ConfNb=1
SH.S_TIM1_CH3.0=TIM1_CH3,PWM Generation3 CH3
SH.S_TIM1_CH3.ConfNb=1
SH.S_TIM2_CH1_ETR.0=TIM2_CH1,PWM Generation1 CH1
SH.S_TIM2_CH1_ETR.ConfNb=1
SH.S_TIM2_CH3.0=TIM2_CH3,PWM Generation3 CH3
SH.S_TIM2_CH3.ConfNb=1
SPI2.BaudRatePrescaler=SPI_BAUDRATEPRESCALER_8
SPI2.CalculateBaudRate=10.0 MBits/s
SPI2.DataSize=SPI_DATASIZE_8BIT
SPI2.Direction=SPI_DIRECTION_2LINES
SPI2.IPParameters=VirtualType,Mode,Direction,CalculateBaudRate,DataSize,BaudRatePrescaler,NSSPMode,MasterKeepIOState
SPI2.MasterKeepIOState=SPI_MASTER_KEEP_IO_STATE_ENABLE
SPI2.Mode=SPI_MODE_MASTER
SPI2.NSSPMode=SPI_NSS_PULSE_DISABLE
SPI2.VirtualType=VM_MASTER
SPI6.BaudRatePrescaler=SPI_BAUDRATEPRESCALER_32
SPI6.CalculateBaudRate=2.5 MBits/s
SPI6.DataSize=SPI_DATASIZE_8BIT
SPI6.Direction=SPI_DIRECTION_2LINES_TXONLY
SPI6.IPParameters=VirtualType,Mode,Direction,CalculateBaudRate,DataSize,BaudRatePrescaler,NSSPMode,MasterKeepIOState
SPI6.MasterKeepIOState=SPI_MASTER_KEEP_IO_STATE_ENABLE
SPI6.Mode=SPI_MODE_MASTER
SPI6.NSSPMode=SPI_NSS_PULSE_DISABLE
SPI6.VirtualType=VM_MASTER
TIM1.AutoReloadPreload=TIM_AUTORELOAD_PRELOAD_ENABLE
TIM1.Channel-PWM\ Generation1\ CH1=TIM_CHANNEL_1
TIM1.Channel-PWM\ Generation3\ CH3=TIM_CHANNEL_3
TIM1.IPParameters=Channel-PWM Generation1 CH1,Channel-PWM Generation3 CH3,AutoReloadPreload,Prescaler,Period
TIM1.Period=19999
TIM1.Prescaler=274
TIM12.AutoReloadPreload=TIM_AUTORELOAD_PRELOAD_ENABLE
TIM12.Channel-PWM\ Generation2\ CH2=TIM_CHANNEL_2
TIM12.IPParameters=Prescaler,Period,AutoReloadPreload,Channel-PWM Generation2 CH2
TIM12.Period=249
TIM12.Prescaler=274
TIM2.AutoReloadPreload=TIM_AUTORELOAD_PRELOAD_ENABLE
TIM2.Channel-PWM\ Generation1\ CH1=TIM_CHANNEL_1
TIM2.Channel-PWM\ Generation3\ CH3=TIM_CHANNEL_3
TIM2.IPParameters=Channel-PWM Generation1 CH1,Channel-PWM Generation3 CH3,Prescaler,Period,AutoReloadPreload
TIM2.Period=19999
TIM2.Prescaler=274
TIM3.AutoReloadPreload=TIM_AUTORELOAD_PRELOAD_ENABLE
TIM3.IPParameters=Prescaler,Period,AutoReloadPreload
TIM3.Period=49
TIM3.Prescaler=274
UART5.BaudRate=100000
UART5.IPParameters=BaudRate,WordLength,Parity,StopBits,Mode
UART5.Mode=MODE_RX
UART5.Parity=PARITY_EVEN
UART5.StopBits=UART_STOPBITS_2
UART5.WordLength=WORDLENGTH_9B
USART1.IPParameters=VirtualMode-Asynchronous
USART1.VirtualMode-Asynchronous=VM_ASYNC
USART10.IPParameters=VirtualMode
USART10.VirtualMode=VM_ASYNC
USB_DEVICE.CLASS_NAME_HS=CDC
USB_DEVICE.IPParameters=VirtualMode,VirtualModeHS,CLASS_NAME_HS,USBD_SELF_POWERED,USBD_LPM_ENABLED
USB_DEVICE.USBD_LPM_ENABLED=0
USB_DEVICE.USBD_SELF_POWERED=0
USB_DEVICE.VirtualMode=Cdc
USB_DEVICE.VirtualModeHS=Cdc_HS
USB_OTG_HS.IPParameters=VirtualMode-Device_Only_FS
USB_OTG_HS.VirtualMode-Device_Only_FS=Device_Only_FS
VP_FREERTOS_VS_CMSIS_V2.Mode=CMSIS_V2
VP_FREERTOS_VS_CMSIS_V2.Signal=FREERTOS_VS_CMSIS_V2
VP_MEMORYMAP_VS_MEMORYMAP.Mode=CurAppReg
VP_MEMORYMAP_VS_MEMORYMAP.Signal=MEMORYMAP_VS_MEMORYMAP
VP_SYS_VS_tim6.Mode=TIM6
VP_SYS_VS_tim6.Signal=SYS_VS_tim6
VP_TIM12_VS_ClockSourceINT.Mode=Internal
VP_TIM12_VS_ClockSourceINT.Signal=TIM12_VS_ClockSourceINT
VP_TIM1_VS_ClockSourceINT.Mode=Internal
VP_TIM1_VS_ClockSourceINT.Signal=TIM1_VS_ClockSourceINT
VP_TIM2_VS_ClockSourceINT.Mode=Internal
VP_TIM2_VS_ClockSourceINT.Signal=TIM2_VS_ClockSourceINT
VP_TIM3_VS_ClockSourceINT.Mode=Internal
VP_TIM3_VS_ClockSourceINT.Signal=TIM3_VS_ClockSourceINT
VP_USB_DEVICE_VS_USB_DEVICE_CDC_HS.Mode=CDC_HS
VP_USB_DEVICE_VS_USB_DEVICE_CDC_HS.Signal=USB_DEVICE_VS_USB_DEVICE_CDC_HS
board=custom
rtos.0.ip=FREERTOS
